{
  "meteor": {},
  "dependencies": {
    "basePackages": {
      "spin": {},
      "mypaginator": {
        "git": "https://github.com/johntday/meteor-mypaginator.git",
        "branch": "master"
      },
      "iron-router": {
        "version": "0.5.4"
      },
      "moment": {},
      "bootstrap-3": {},
      "bootstrap-datepicker2": {},
      "myhandsontable": {
        "git": "https://github.com/johntday/meteor-myhandsontable.git",
        "branch": "master"
      },
      "mybootbox": {
        "git": "https://github.com/johntday/meteor-mybootbox.git",
        "branch": "master"
      },
      "myjointjs": {
        "git": "https://github.com/johntday/meteor-myjointjs.git",
        "branch": "master"
      }
    },
    "packages": {
      "spin": {
        "git": "https://github.com/SachaG/meteor-spin.git",
        "tag": "v0.2.2",
        "commit": "3f655f0016228e4195acc784c45d3e3a247dc39f"
      },
      "mypaginator": {
        "git": "https://github.com/johntday/meteor-mypaginator.git",
        "branch": "master",
        "commit": "7626f423cc37b0aea4193b95a0b75be2f01f9fa8"
      },
      "iron-router": {
        "git": "https://github.com/EventedMind/iron-router.git",
        "tag": "v0.5.4",
        "commit": "3e0e22ff85630b7503d0daa1538c6d90abb84020"
      },
      "moment": {
        "git": "https://github.com/acreeger/meteor-moment.git",
        "tag": "v2.5.1",
        "commit": "8c9bc5d3fc96705057737cb9743d555417f6e551"
      },
      "bootstrap-3": {
        "git": "https://github.com/mangasocial/meteor-bootstrap-3.git",
        "tag": "v3.1.0-1",
        "commit": "329dccb08bfc18c635676dea600ac9953162cda9"
      },
      "bootstrap-datepicker2": {
        "git": "https://github.com/deepwell/meteor-bootstrap-datepicker.git",
        "tag": "v1.2.0",
        "commit": "b7de18a7cc651ea665cda75048663f90d1a11d10"
      },
      "myhandsontable": {
        "git": "https://github.com/johntday/meteor-myhandsontable.git",
        "branch": "master",
        "commit": "5dc890e52881e555b9ecfccb86b66d65ba85c26d"
      },
      "mybootbox": {
        "git": "https://github.com/johntday/meteor-mybootbox.git",
        "branch": "master",
        "commit": "050eb330e015326971c95766d15b1b45344c7f9c"
      },
      "myjointjs": {
        "git": "https://github.com/johntday/meteor-myjointjs.git",
        "branch": "master",
        "commit": "537cd14db338093b60b10734e76c40479566bacc"
      }
    }
  }
}
