{
  "meteor": {},
  "dependencies": {
    "basePackages": {
      "roles": {},
      "accounts-ui-bootstrap-3": {},
      "accounts-admin-ui-bootstrap-3": {},
      "spin": {},
      "typeahead": {
        "git": "https://github.com/johntday/meteor-typeahead.git",
        "branch": "master"
      },
      "iron-router": {
        "version": "0.7.0"
      },
      "moment": {},
      "bootstrap-3": {},
      "mybootbox": {
        "git": "https://github.com/johntday/meteor-mybootbox.git",
        "branch": "master"
      },
      "reactive-publish": {},
      "turnkey-filter": {
        "git": "https://github.com/johntday/meteor-turnkey-filter.git",
        "branch": "master"
      },
      "reactive-table": {}
    },
    "packages": {
      "roles": {
        "git": "https://github.com/alanning/meteor-roles.git",
        "tag": "v1.2.9",
        "commit": "969b17fac5dfec66b6b12bfce4e37471d1a241d4"
      },
      "accounts-ui-bootstrap-3": {
        "git": "https://github.com/mangasocial/meteor-accounts-ui-bootstrap-3.git",
        "tag": "v0.3.0-1",
        "commit": "93ffa5d0e325dc7026de89f6d90c178fa04bdd3a"
      },
      "accounts-admin-ui-bootstrap-3": {
        "git": "https://github.com/hharnisc/meteor-accounts-admin-ui-bootstrap-3.git",
        "tag": "v0.2.5",
        "commit": "381d4ca347f16d2ca2e1e6ca5f51c3f2e9c6c5cd"
      },
      "spin": {
        "git": "https://github.com/SachaG/meteor-spin.git",
        "tag": "v0.2.2",
        "commit": "3f655f0016228e4195acc784c45d3e3a247dc39f"
      },
      "typeahead": {
        "git": "https://github.com/johntday/meteor-typeahead.git",
        "branch": "master",
        "commit": "b4cf74f8b0f2d41dad6c51d48cff9455b599b1e3"
      },
      "iron-router": {
        "git": "https://github.com/EventedMind/iron-router.git",
        "tag": "v0.7.0",
        "commit": "05f34bc48c4cad9fdaa366c1ddcabe6980232ece"
      },
      "moment": {
        "git": "https://github.com/acreeger/meteor-moment.git",
        "tag": "v2.6.0",
        "commit": "26156df681750fd6e6ed77043eef32b6653ebbdf"
      },
      "bootstrap-3": {
        "git": "https://github.com/mangasocial/meteor-bootstrap-3.git",
        "tag": "v3.1.1-1",
        "commit": "63dd38968828bb8963636df93e9a1c45e2dfe67e"
      },
      "mybootbox": {
        "git": "https://github.com/johntday/meteor-mybootbox.git",
        "branch": "master",
        "commit": "050eb330e015326971c95766d15b1b45344c7f9c"
      },
      "reactive-publish": {
        "git": "https://github.com/Diggsey/meteor-reactive-publish.git",
        "tag": "v0.1.6",
        "commit": "dd8c149f109a1f3d1cac7e36293cf5904538ca90"
      },
      "turnkey-filter": {
        "git": "https://github.com/johntday/meteor-turnkey-filter.git",
        "branch": "master",
        "commit": "d293f7b651a88012f7d208e8fa854036af21bcc2"
      },
      "reactive-table": {
        "git": "https://github.com/ecohealthalliance/reactive-table.git",
        "tag": "v0.3.11",
        "commit": "9ec88b8bcded8ced97cc8736f3d2ecbe3e7b926d"
      },
      "blaze-layout": {
        "git": "https://github.com/EventedMind/blaze-layout.git",
        "tag": "v0.2.2",
        "commit": "8bc53798fe5965669ae67c72f91829fcfdceabfd"
      },
      "server-deps": {
        "git": "https://github.com/Diggsey/meteor-server-deps.git",
        "tag": "v0.1.2",
        "commit": "2db5d15fad9240723549cbbc5260a74b6b7e1c61"
      },
      "just-i18n": {
        "git": "https://github.com/subhog/meteor-just-i18n.git",
        "tag": "v0.2.4",
        "commit": "91decfcf5b3b5e67f202a67658350b862330bf3d"
      }
    }
  }
}
