{
  "meteor": {},
  "dependencies": {
    "basePackages": {
      "spin": {},
      "mypaginator": {
        "git": "https://github.com/johntday/meteor-mypaginator.git",
        "branch": "master"
      },
      "iron-router": {
        "version": "0.5.4"
      },
      "moment": {},
      "bootstrap-3": {},
      "bootstrap-datepicker2": {},
      "select2": {}
    },
    "packages": {
      "spin": {
        "git": "https://github.com/SachaG/meteor-spin.git",
        "tag": "v0.2.2",
        "commit": "3f655f0016228e4195acc784c45d3e3a247dc39f"
      },
      "mypaginator": {
        "git": "https://github.com/johntday/meteor-mypaginator.git",
        "branch": "master",
        "commit": "7626f423cc37b0aea4193b95a0b75be2f01f9fa8"
      },
      "iron-router": {
        "git": "https://github.com/EventedMind/iron-router.git",
        "tag": "v0.5.4",
        "commit": "3e0e22ff85630b7503d0daa1538c6d90abb84020"
      },
      "moment": {
        "git": "https://github.com/acreeger/meteor-moment.git",
        "tag": "v2.2.1",
        "commit": "9ee12e714afe56b189f53076447b7b54f3012065"
      },
      "bootstrap-3": {
        "git": "https://github.com/mangasocial/meteor-bootstrap-3.git",
        "tag": "v0.3.7",
        "commit": "5dd0d142c870647b910be80bc777b96f0dd45e5e"
      },
      "bootstrap-datepicker2": {
        "git": "https://github.com/deepwell/meteor-bootstrap-datepicker.git",
        "tag": "v1.2.0",
        "commit": "b7de18a7cc651ea665cda75048663f90d1a11d10"
      },
      "select2": {
        "git": "https://github.com/nate-strauser/meteor-select2.git",
        "tag": "v3.4.5",
        "commit": "4a8d05582b949a14f0ee217c185166abbf112822"
      }
    }
  }
}
